
Microsoft Visual Studio Solution File, Format Version 12.00
# Visual Studio 15
VisualStudioVersion = 15.0.27428.1
MinimumVisualStudioVersion = 10.0.40219.1
Project("{FAE04EC0-301F-11D3-BF4B-00C04F79EFBC}") = "Labetiq", "Labetiq.csproj", "{ECEB4662-7FE0-4872-AF28-05B7F5F25C92}"
EndProject
Project("{54435603-DBB4-11D2-8724-00A0C9A8B90C}") = "LabEtiqInstalador", "..\LabEtiqInstalador\LabEtiqInstalador.vdproj", "{3847B6DE-C5DE-4EC6-B0FB-7F607A1E8106}"
EndProject
Global
	GlobalSection(SolutionConfigurationPlatforms) = preSolution
		Debug|Any CPU = Debug|Any CPU
		Debug|x86 = Debug|x86
		Release|Any CPU = Release|Any CPU
		Release|x86 = Release|x86
	EndGlobalSection
	GlobalSection(ProjectConfigurationPlatforms) = postSolution
		{ECEB4662-7FE0-4872-AF28-05B7F5F25C92}.Debug|Any CPU.ActiveCfg = Debug|Any CPU
		{ECEB4662-7FE0-4872-AF28-05B7F5F25C92}.Debug|Any CPU.Build.0 = Debug|Any CPU
		{ECEB4662-7FE0-4872-AF28-05B7F5F25C92}.Debug|x86.ActiveCfg = Debug|x86
		{ECEB4662-7FE0-4872-AF28-05B7F5F25C92}.Debug|x86.Build.0 = Debug|x86
		{ECEB4662-7FE0-4872-AF28-05B7F5F25C92}.Release|Any CPU.ActiveCfg = Release|Any CPU
		{ECEB4662-7FE0-4872-AF28-05B7F5F25C92}.Release|Any CPU.Build.0 = Release|Any CPU
		{ECEB4662-7FE0-4872-AF28-05B7F5F25C92}.Release|x86.ActiveCfg = Release|x86
		{ECEB4662-7FE0-4872-AF28-05B7F5F25C92}.Release|x86.Build.0 = Release|x86
		{3847B6DE-C5DE-4EC6-B0FB-7F607A1E8106}.Debug|Any CPU.ActiveCfg = Debug
		{3847B6DE-C5DE-4EC6-B0FB-7F607A1E8106}.Debug|x86.ActiveCfg = Debug
		{3847B6DE-C5DE-4EC6-B0FB-7F607A1E8106}.Debug|x86.Build.0 = Debug
		{3847B6DE-C5DE-4EC6-B0FB-7F607A1E8106}.Release|Any CPU.ActiveCfg = Release
		{3847B6DE-C5DE-4EC6-B0FB-7F607A1E8106}.Release|x86.ActiveCfg = Release
		{3847B6DE-C5DE-4EC6-B0FB-7F607A1E8106}.Release|x86.Build.0 = Release
	EndGlobalSection
	GlobalSection(SolutionProperties) = preSolution
		HideSolutionNode = FALSE
	EndGlobalSection
	GlobalSection(ExtensibilityGlobals) = postSolution
		SolutionGuid = {00A83347-11E4-4395-AF2B-921F072E98AB}
	EndGlobalSection
EndGlobal
