
Microsoft Visual Studio Solution File, Format Version 12.00
# Visual Studio 15
VisualStudioVersion = 15.0.27428.1
MinimumVisualStudioVersion = 10.0.40219.1
Project("{FAE04EC0-301F-11D3-BF4B-00C04F79EFBC}") = "Labetiq", "Labetiq.csproj", "{ECEB4662-7FE0-4872-AF28-05B7F5F25C92}"
EndProject
Project("{54435603-DBB4-11D2-8724-00A0C9A8B90C}") = "EtiqExames", "..\EtiqExames\EtiqExames.vdproj", "{6EF7B111-1666-4474-8F68-3B5E4C614DCF}"
EndProject
Global
	GlobalSection(SolutionConfigurationPlatforms) = preSolution
		Debug|Any CPU = Debug|Any CPU
		Release|Any CPU = Release|Any CPU
	EndGlobalSection
	GlobalSection(ProjectConfigurationPlatforms) = postSolution
		{ECEB4662-7FE0-4872-AF28-05B7F5F25C92}.Debug|Any CPU.ActiveCfg = Debug|Any CPU
		{ECEB4662-7FE0-4872-AF28-05B7F5F25C92}.Debug|Any CPU.Build.0 = Debug|Any CPU
		{ECEB4662-7FE0-4872-AF28-05B7F5F25C92}.Release|Any CPU.ActiveCfg = Release|Any CPU
		{ECEB4662-7FE0-4872-AF28-05B7F5F25C92}.Release|Any CPU.Build.0 = Release|Any CPU
		{6EF7B111-1666-4474-8F68-3B5E4C614DCF}.Debug|Any CPU.ActiveCfg = Debug
		{6EF7B111-1666-4474-8F68-3B5E4C614DCF}.Release|Any CPU.ActiveCfg = Release
	EndGlobalSection
	GlobalSection(SolutionProperties) = preSolution
		HideSolutionNode = FALSE
	EndGlobalSection
	GlobalSection(ExtensibilityGlobals) = postSolution
		SolutionGuid = {0BD2E8C9-C724-4ED2-B92F-2FE5C67CCA4C}
	EndGlobalSection
EndGlobal
